
Microsoft Visual Studio Solution File, Format Version 12.00
# Visual Studio Version 17
VisualStudioVersion = 17.13.35825.156 d17.13
MinimumVisualStudioVersion = 10.0.40219.1
Project("{FAE04EC0-301F-11D3-BF4B-00C04F79EFBC}") = "LB1-2", "LB1-2\LB1-2.csproj", "{429725BD-BCF5-4141-87F8-3EEB2899B8B5}"
EndProject
Global
	GlobalSection(SolutionConfigurationPlatforms) = preSolution
		Debug|Any CPU = Debug|Any CPU
		Release|Any CPU = Release|Any CPU
	EndGlobalSection
	GlobalSection(ProjectConfigurationPlatforms) = postSolution
		{429725BD-BCF5-4141-87F8-3EEB2899B8B5}.Debug|Any CPU.ActiveCfg = Debug|Any CPU
		{429725BD-BCF5-4141-87F8-3EEB2899B8B5}.Debug|Any CPU.Build.0 = Debug|Any CPU
		{429725BD-BCF5-4141-87F8-3EEB2899B8B5}.Release|Any CPU.ActiveCfg = Release|Any CPU
		{429725BD-BCF5-4141-87F8-3EEB2899B8B5}.Release|Any CPU.Build.0 = Release|Any CPU
	EndGlobalSection
	GlobalSection(SolutionProperties) = preSolution
		HideSolutionNode = FALSE
	EndGlobalSection
	GlobalSection(ExtensibilityGlobals) = postSolution
		SolutionGuid = {D56FB409-B38E-42BF-968F-5B1475000DC9}
	EndGlobalSection
EndGlobal
